
Microsoft Visual Studio Solution File, Format Version 12.00
# Visual Studio Version 16
VisualStudioVersion = 16.0.30907.101
MinimumVisualStudioVersion = 10.0.40219.1
Project("{9A19103F-16F7-4668-BE54-9A1E7A4F7556}") = "EpisodeVersionContextLambdaSample", "EpisodeVersionContextLambdaSample\EpisodeVersionContextLambdaSample.csproj", "{29617C94-0B97-482B-A934-BADCC9E10C4D}"
EndProject
Global
	GlobalSection(SolutionConfigurationPlatforms) = preSolution
		Debug|Any CPU = Debug|Any CPU
		Release|Any CPU = Release|Any CPU
	EndGlobalSection
	GlobalSection(ProjectConfigurationPlatforms) = postSolution
		{29617C94-0B97-482B-A934-BADCC9E10C4D}.Debug|Any CPU.ActiveCfg = Debug|Any CPU
		{29617C94-0B97-482B-A934-BADCC9E10C4D}.Debug|Any CPU.Build.0 = Debug|Any CPU
		{29617C94-0B97-482B-A934-BADCC9E10C4D}.Release|Any CPU.ActiveCfg = Release|Any CPU
		{29617C94-0B97-482B-A934-BADCC9E10C4D}.Release|Any CPU.Build.0 = Release|Any CPU
	EndGlobalSection
	GlobalSection(SolutionProperties) = preSolution
		HideSolutionNode = FALSE
	EndGlobalSection
	GlobalSection(ExtensibilityGlobals) = postSolution
		SolutionGuid = {1C9D615E-6591-40D0-B9DD-73A3F0864718}
	EndGlobalSection
EndGlobal
